version = 1
requires-python = ">=3.13"

[manifest]
members = [
    "data-platform",
    "data-platform-core-cli",
    "data-platform-core-di",
    "data-platform-core-spi",
    "data-platform-exports-sales",
    "data-platform-tools-slack",
]

[[package]]
name = "click"
version = "8.1.8"
source = { registry = "https://pypi.org/simple" }
dependencies = [
    { name = "colorama", marker = "sys_platform == 'win32'" },
]
sdist = { url = "https://files.pythonhosted.org/packages/b9/2e/0090cbf739cee7d23781ad4b89a9894a41538e4fcf4c31dcdd705b78eb8b/click-8.1.8.tar.gz", hash = "sha256:ed53c9d8990d83c2a27deae68e4ee337473f6330c040a31d4225c9574d16096a", size = 226593 }
wheels = [
    { url = "https://files.pythonhosted.org/packages/7e/d4/7ebdbd03970677812aac39c869717059dbb71a4cfc033ca6e5221787892c/click-8.1.8-py3-none-any.whl", hash = "sha256:63c132bbbed01578a06712a2d1f497bb62d9c1c0d329b7903a866228027263b2", size = 98188 },
]

[[package]]
name = "colorama"
version = "0.4.6"
source = { registry = "https://pypi.org/simple" }
sdist = { url = "https://files.pythonhosted.org/packages/d8/53/6f443c9a4a8358a93a6792e2acffb9d9d5cb0a5cfd8802644b7b1c9a02e4/colorama-0.4.6.tar.gz", hash = "sha256:08695f5cb7ed6e0531a20572697297273c47b8cae5a63ffc6d6ed5c201be6e44", size = 27697 }
wheels = [
    { url = "https://files.pythonhosted.org/packages/d1/d6/3965ed04c63042e047cb6a3e6ed1a63a35087b6a609aa3a15ed8ac56c221/colorama-0.4.6-py2.py3-none-any.whl", hash = "sha256:4f1d9991f5acc0ca119f9d443620b77f9d6b33703e51011c16baf57afb285fc6", size = 25335 },
]

[[package]]
name = "data-platform"
version = "0.1.0"
source = { virtual = "." }

[package.dev-dependencies]
dev = [
    { name = "mypy" },
    { name = "networkx-stubs" },
]

[package.metadata]

[package.metadata.requires-dev]
dev = [
    { name = "mypy", specifier = ">=1.14.1" },
    { name = "networkx-stubs", specifier = ">=0.0.1" },
]

[[package]]
name = "data-platform-core-cli"
version = "0.1.0"
source = { editable = "packages/core/cli" }
dependencies = [
    { name = "click" },
    { name = "data-platform-core-di" },
    { name = "dependency-injector" },
    { name = "networkx" },
]

[package.metadata]
requires-dist = [
    { name = "click", specifier = ">=8.1.8" },
    { name = "data-platform-core-di", editable = "packages/core/di" },
    { name = "dependency-injector", specifier = ">=4.45.0" },
    { name = "networkx", specifier = ">=3.4.2" },
]

[[package]]
name = "data-platform-core-di"
version = "0.1.0"
source = { editable = "packages/core/di" }

[[package]]
name = "data-platform-core-spi"
version = "0.1.0"
source = { editable = "packages/core/spi" }

[[package]]
name = "data-platform-exports-sales"
version = "0.1.0"
source = { editable = "packages/exports/sales" }
dependencies = [
    { name = "data-platform-core-spi" },
    { name = "data-platform-tools-slack" },
    { name = "dependency-injector" },
]

[package.metadata]
requires-dist = [
    { name = "data-platform-core-spi", editable = "packages/core/spi" },
    { name = "data-platform-tools-slack", editable = "packages/tools/slack" },
    { name = "dependency-injector", specifier = ">=4.45.0" },
]

[[package]]
name = "data-platform-tools-slack"
version = "0.1.0"
source = { editable = "packages/tools/slack" }
dependencies = [
    { name = "dependency-injector" },
]

[package.metadata]
requires-dist = [{ name = "dependency-injector", specifier = ">=4.45.0" }]

[[package]]
name = "dependency-injector"
version = "4.45.0"
source = { registry = "https://pypi.org/simple" }
sdist = { url = "https://files.pythonhosted.org/packages/13/32/beb8a8aed8a07273bbc2afc6e823d2d70e5f898ed9a8cc413c45aec5642a/dependency_injector-4.45.0.tar.gz", hash = "sha256:7effdb9e45f5c2813e2fd9dc2ef2c446dd59716f66f9c772ab27b9ed16efc894", size = 1117514 }
wheels = [
    { url = "https://files.pythonhosted.org/packages/fa/41/e8dc964575ef0f6e7abb90942be9e6f265d770616518216368165d3079d7/dependency_injector-4.45.0-cp313-cp313-macosx_11_0_arm64.whl", hash = "sha256:16c17b17d1974a288b16f0d9b4eda7fae892dc2823ff1d95a93207723b681b9a", size = 1856812 },
    { url = "https://files.pythonhosted.org/packages/30/e3/ccfe9ad88d7ee197a12954290697a8c503a0f8f049cd1e4e81f294861053/dependency_injector-4.45.0-cp313-cp313-manylinux_2_17_aarch64.manylinux2014_aarch64.whl", hash = "sha256:3a1cfd84779e718974b8d40eefc2d664ba69c142ca676ed97f487de05e733e9e", size = 6819924 },
    { url = "https://files.pythonhosted.org/packages/85/e7/c3e392f005ba3072d4c6e7a5ff60391648df0f0664ad25b3570f3283c270/dependency_injector-4.45.0-cp313-cp313-manylinux_2_17_x86_64.manylinux2014_x86_64.whl", hash = "sha256:4b03382b9423f008bf307d4dee7e56ea1e070fc0e23481e4e327b01b9b463a9d", size = 6957754 },
    { url = "https://files.pythonhosted.org/packages/d4/87/c6907e001a0504678c5e5ed62bc6c5c86d1668302fccd5c159d2542bef58/dependency_injector-4.45.0-cp313-cp313-manylinux_2_5_i686.manylinux1_i686.manylinux_2_17_i686.manylinux2014_i686.whl", hash = "sha256:dcba70e44a3d6436196f1ffebad0b02f0a72a7c8014d85617f21bd8535434bf4", size = 6406441 },
    { url = "https://files.pythonhosted.org/packages/90/a7/2b003dc0e9e8624e3948289f7764aa87b59cbff392ca06c7f41d28be43b6/dependency_injector-4.45.0-cp313-cp313-musllinux_1_2_aarch64.whl", hash = "sha256:73d52ba9efdbb6a1c0ba49d9c68be9cedb0abfa0e6fbdfb942371c642cb30541", size = 6558807 },
    { url = "https://files.pythonhosted.org/packages/d1/a6/5b8f21957af82488ce2e70e321c45c3ba3707004c211c0e6b261e1c77afc/dependency_injector-4.45.0-cp313-cp313-musllinux_1_2_i686.whl", hash = "sha256:9ebcefa9218941337466cf0985bdcd5d38cf84ab1d3a4d7a3cc91845e38c0d1e", size = 6354444 },
    { url = "https://files.pythonhosted.org/packages/dd/2f/bae5beaf6ac9c5464e6016d0f94d10898c192b4528e2978a2ada44af0c21/dependency_injector-4.45.0-cp313-cp313-musllinux_1_2_x86_64.whl", hash = "sha256:9d785dacb136479b0536e8b05f83a7375f09404d63eabd1be9b694eca6defea4", size = 6762151 },
    { url = "https://files.pythonhosted.org/packages/13/6f/068b17dc76765e5344c72b85d46711a596eca1d4ee441bac7b7275dadc94/dependency_injector-4.45.0-cp313-cp313-win32.whl", hash = "sha256:3df40ff15bd31058b24cd79781b1dc2f31e0c157ee2067566dfd7a92191969e9", size = 1660060 },
    { url = "https://files.pythonhosted.org/packages/53/d3/890c4be056256e56e97264e72b376ecad273cfa8c8dc70ce5eb623f06472/dependency_injector-4.45.0-cp313-cp313-win_amd64.whl", hash = "sha256:f018f634edf57d4b4214e007eaa2432d2410f304b170f5684bd3fdbffd244b1f", size = 1775930 },
]

[[package]]
name = "mypy"
version = "1.14.1"
source = { registry = "https://pypi.org/simple" }
dependencies = [
    { name = "mypy-extensions" },
    { name = "typing-extensions" },
]
sdist = { url = "https://files.pythonhosted.org/packages/b9/eb/2c92d8ea1e684440f54fa49ac5d9a5f19967b7b472a281f419e69a8d228e/mypy-1.14.1.tar.gz", hash = "sha256:7ec88144fe9b510e8475ec2f5f251992690fcf89ccb4500b214b4226abcd32d6", size = 3216051 }
wheels = [
    { url = "https://files.pythonhosted.org/packages/9e/15/bb6a686901f59222275ab228453de741185f9d54fecbaacec041679496c6/mypy-1.14.1-cp313-cp313-macosx_10_13_x86_64.whl", hash = "sha256:92c3ed5afb06c3a8e188cb5da4984cab9ec9a77ba956ee419c68a388b4595255", size = 11252097 },
    { url = "https://files.pythonhosted.org/packages/f8/b3/8b0f74dfd072c802b7fa368829defdf3ee1566ba74c32a2cb2403f68024c/mypy-1.14.1-cp313-cp313-macosx_11_0_arm64.whl", hash = "sha256:dbec574648b3e25f43d23577309b16534431db4ddc09fda50841f1e34e64ed34", size = 10239728 },
    { url = "https://files.pythonhosted.org/packages/c5/9b/4fd95ab20c52bb5b8c03cc49169be5905d931de17edfe4d9d2986800b52e/mypy-1.14.1-cp313-cp313-manylinux_2_17_aarch64.manylinux2014_aarch64.manylinux_2_28_aarch64.whl", hash = "sha256:8c6d94b16d62eb3e947281aa7347d78236688e21081f11de976376cf010eb31a", size = 11924965 },
    { url = "https://files.pythonhosted.org/packages/56/9d/4a236b9c57f5d8f08ed346914b3f091a62dd7e19336b2b2a0d85485f82ff/mypy-1.14.1-cp313-cp313-manylinux_2_17_x86_64.manylinux2014_x86_64.manylinux_2_28_x86_64.whl", hash = "sha256:d4b19b03fdf54f3c5b2fa474c56b4c13c9dbfb9a2db4370ede7ec11a2c5927d9", size = 12867660 },
    { url = "https://files.pythonhosted.org/packages/40/88/a61a5497e2f68d9027de2bb139c7bb9abaeb1be1584649fa9d807f80a338/mypy-1.14.1-cp313-cp313-musllinux_1_2_x86_64.whl", hash = "sha256:0c911fde686394753fff899c409fd4e16e9b294c24bfd5e1ea4675deae1ac6fd", size = 12969198 },
    { url = "https://files.pythonhosted.org/packages/54/da/3d6fc5d92d324701b0c23fb413c853892bfe0e1dbe06c9138037d459756b/mypy-1.14.1-cp313-cp313-win_amd64.whl", hash = "sha256:8b21525cb51671219f5307be85f7e646a153e5acc656e5cebf64bfa076c50107", size = 9885276 },
    { url = "https://files.pythonhosted.org/packages/a0/b5/32dd67b69a16d088e533962e5044e51004176a9952419de0370cdaead0f8/mypy-1.14.1-py3-none-any.whl", hash = "sha256:b66a60cc4073aeb8ae00057f9c1f64d49e90f918fbcef9a977eb121da8b8f1d1", size = 2752905 },
]

[[package]]
name = "mypy-extensions"
version = "1.0.0"
source = { registry = "https://pypi.org/simple" }
sdist = { url = "https://files.pythonhosted.org/packages/98/a4/1ab47638b92648243faf97a5aeb6ea83059cc3624972ab6b8d2316078d3f/mypy_extensions-1.0.0.tar.gz", hash = "sha256:75dbf8955dc00442a438fc4d0666508a9a97b6bd41aa2f0ffe9d2f2725af0782", size = 4433 }
wheels = [
    { url = "https://files.pythonhosted.org/packages/2a/e2/5d3f6ada4297caebe1a2add3b126fe800c96f56dbe5d1988a2cbe0b267aa/mypy_extensions-1.0.0-py3-none-any.whl", hash = "sha256:4392f6c0eb8a5668a69e23d168ffa70f0be9ccfd32b5cc2d26a34ae5b844552d", size = 4695 },
]

[[package]]
name = "networkx"
version = "3.4.2"
source = { registry = "https://pypi.org/simple" }
sdist = { url = "https://files.pythonhosted.org/packages/fd/1d/06475e1cd5264c0b870ea2cc6fdb3e37177c1e565c43f56ff17a10e3937f/networkx-3.4.2.tar.gz", hash = "sha256:307c3669428c5362aab27c8a1260aa8f47c4e91d3891f48be0141738d8d053e1", size = 2151368 }
wheels = [
    { url = "https://files.pythonhosted.org/packages/b9/54/dd730b32ea14ea797530a4479b2ed46a6fb250f682a9cfb997e968bf0261/networkx-3.4.2-py3-none-any.whl", hash = "sha256:df5d4365b724cf81b8c6a7312509d0c22386097011ad1abe274afd5e9d3bbc5f", size = 1723263 },
]

[[package]]
name = "networkx-stubs"
version = "0.0.1"
source = { registry = "https://pypi.org/simple" }
dependencies = [
    { name = "networkx" },
]
sdist = { url = "https://files.pythonhosted.org/packages/a9/d6/66a8bcc3724e0909e865672f5f2d3d89a46e900e43bf0296d51b90b604a0/networkx-stubs-0.0.1.tar.gz", hash = "sha256:1751cbc87898328f89d79476ec6363174c05f9e48592f0953cc1077188717a21", size = 37466 }
wheels = [
    { url = "https://files.pythonhosted.org/packages/d1/d4/ba87f68af1ab26392dc64ef7ba7ee261bb2ab1df9a9cca1695b4454b8a16/networkx_stubs-0.0.1-py3-none-any.whl", hash = "sha256:ce58dff9b9dcbfdf895d0fce20fa8a73f2e82e581004596b7552086b5bb91366", size = 105780 },
]

[[package]]
name = "typing-extensions"
version = "4.12.2"
source = { registry = "https://pypi.org/simple" }
sdist = { url = "https://files.pythonhosted.org/packages/df/db/f35a00659bc03fec321ba8bce9420de607a1d37f8342eee1863174c69557/typing_extensions-4.12.2.tar.gz", hash = "sha256:1a7ead55c7e559dd4dee8856e3a88b41225abfe1ce8df57b7c13915fe121ffb8", size = 85321 }
wheels = [
    { url = "https://files.pythonhosted.org/packages/26/9f/ad63fc0248c5379346306f8668cda6e2e2e9c95e01216d2b8ffd9ff037d0/typing_extensions-4.12.2-py3-none-any.whl", hash = "sha256:04e5ca0351e0f3f85c6853954072df659d0d13fac324d0072316b67d7794700d", size = 37438 },
]
